
Microsoft Visual Studio Solution File, Format Version 12.00
# Visual Studio Version 17
VisualStudioVersion = 17.5.002.0
MinimumVisualStudioVersion = 10.0.40219.1
Project("{9A19103F-16F7-4668-BE54-9A1E7A4F7556}") = "ExtraVert", "ExtraVert.csproj", "{212B7C71-5E08-4B42-A3D5-F174D66BAD85}"
EndProject
Global
	GlobalSection(SolutionConfigurationPlatforms) = preSolution
		Debug|Any CPU = Debug|Any CPU
		Release|Any CPU = Release|Any CPU
	EndGlobalSection
	GlobalSection(ProjectConfigurationPlatforms) = postSolution
		{212B7C71-5E08-4B42-A3D5-F174D66BAD85}.Debug|Any CPU.ActiveCfg = Debug|Any CPU
		{212B7C71-5E08-4B42-A3D5-F174D66BAD85}.Debug|Any CPU.Build.0 = Debug|Any CPU
		{212B7C71-5E08-4B42-A3D5-F174D66BAD85}.Release|Any CPU.ActiveCfg = Release|Any CPU
		{212B7C71-5E08-4B42-A3D5-F174D66BAD85}.Release|Any CPU.Build.0 = Release|Any CPU
	EndGlobalSection
	GlobalSection(SolutionProperties) = preSolution
		HideSolutionNode = FALSE
	EndGlobalSection
	GlobalSection(ExtensibilityGlobals) = postSolution
		SolutionGuid = {585C8EE7-346A-4345-8C35-76279525463E}
	EndGlobalSection
EndGlobal
